
Microsoft Visual Studio Solution File, Format Version 12.00
# Visual Studio Version 17
VisualStudioVersion = 17.9.34714.143
MinimumVisualStudioVersion = 10.0.40219.1
Project("{8BC9CEB8-8B4A-11D0-8D11-00A0C91BC942}") = "stud_7.4", "stud_7.4\stud_7.4.vcxproj", "{FA403DED-8803-46F0-A511-39CF8F80A742}"
EndProject
Global
	GlobalSection(SolutionConfigurationPlatforms) = preSolution
		Debug|x64 = Debug|x64
		Debug|x86 = Debug|x86
		Release|x64 = Release|x64
		Release|x86 = Release|x86
	EndGlobalSection
	GlobalSection(ProjectConfigurationPlatforms) = postSolution
		{FA403DED-8803-46F0-A511-39CF8F80A742}.Debug|x64.ActiveCfg = Debug|x64
		{FA403DED-8803-46F0-A511-39CF8F80A742}.Debug|x64.Build.0 = Debug|x64
		{FA403DED-8803-46F0-A511-39CF8F80A742}.Debug|x86.ActiveCfg = Debug|Win32
		{FA403DED-8803-46F0-A511-39CF8F80A742}.Debug|x86.Build.0 = Debug|Win32
		{FA403DED-8803-46F0-A511-39CF8F80A742}.Release|x64.ActiveCfg = Release|x64
		{FA403DED-8803-46F0-A511-39CF8F80A742}.Release|x64.Build.0 = Release|x64
		{FA403DED-8803-46F0-A511-39CF8F80A742}.Release|x86.ActiveCfg = Release|Win32
		{FA403DED-8803-46F0-A511-39CF8F80A742}.Release|x86.Build.0 = Release|Win32
	EndGlobalSection
	GlobalSection(SolutionProperties) = preSolution
		HideSolutionNode = FALSE
	EndGlobalSection
	GlobalSection(ExtensibilityGlobals) = postSolution
		SolutionGuid = {7611DF58-CF8B-418B-8B83-BF351F9E9C13}
	EndGlobalSection
EndGlobal
